
Microsoft Visual Studio Solution File, Format Version 12.00
# Visual Studio Version 17
VisualStudioVersion = 17.8.34525.116
MinimumVisualStudioVersion = 10.0.40219.1
Project("{9A19103F-16F7-4668-BE54-9A1E7A4F7556}") = "WebMusic", "WebMusic\WebMusic.csproj", "{7A4916D0-5B51-4301-88A6-F582970EB904}"
EndProject
Project("{FAE04EC0-301F-11D3-BF4B-00C04F79EFBC}") = "WebMusic.DAL", "WebMusic.DAL\WebMusic.DAL.csproj", "{B36B84D8-E7B8-4FCA-A1CE-F06B9057360F}"
EndProject
Global
	GlobalSection(SolutionConfigurationPlatforms) = preSolution
		Debug|Any CPU = Debug|Any CPU
		Release|Any CPU = Release|Any CPU
	EndGlobalSection
	GlobalSection(ProjectConfigurationPlatforms) = postSolution
		{7A4916D0-5B51-4301-88A6-F582970EB904}.Debug|Any CPU.ActiveCfg = Debug|Any CPU
		{7A4916D0-5B51-4301-88A6-F582970EB904}.Debug|Any CPU.Build.0 = Debug|Any CPU
		{7A4916D0-5B51-4301-88A6-F582970EB904}.Release|Any CPU.ActiveCfg = Release|Any CPU
		{7A4916D0-5B51-4301-88A6-F582970EB904}.Release|Any CPU.Build.0 = Release|Any CPU
		{B36B84D8-E7B8-4FCA-A1CE-F06B9057360F}.Debug|Any CPU.ActiveCfg = Debug|Any CPU
		{B36B84D8-E7B8-4FCA-A1CE-F06B9057360F}.Debug|Any CPU.Build.0 = Debug|Any CPU
		{B36B84D8-E7B8-4FCA-A1CE-F06B9057360F}.Release|Any CPU.ActiveCfg = Release|Any CPU
		{B36B84D8-E7B8-4FCA-A1CE-F06B9057360F}.Release|Any CPU.Build.0 = Release|Any CPU
	EndGlobalSection
	GlobalSection(SolutionProperties) = preSolution
		HideSolutionNode = FALSE
	EndGlobalSection
	GlobalSection(ExtensibilityGlobals) = postSolution
		SolutionGuid = {47B001AD-9BCB-4FDB-8F1F-AB5CECE7B6AD}
	EndGlobalSection
EndGlobal
